
Microsoft Visual Studio Solution File, Format Version 12.00
# Visual Studio Version 16
VisualStudioVersion = 16.0.31205.134
MinimumVisualStudioVersion = 10.0.40219.1
Project("{2150E333-8FDC-42A3-9474-1A3956D46DE8}") = "Application", "Application", "{F7A3FAD6-3C46-49FD-8A0B-D65ADDC5E505}"
EndProject
Project("{2150E333-8FDC-42A3-9474-1A3956D46DE8}") = "Domain", "Domain", "{A8BA22F3-9C28-47B5-95DE-CE311F6CEDDF}"
EndProject
Project("{2150E333-8FDC-42A3-9474-1A3956D46DE8}") = "Infrastructure.IoC", "Infrastructure.IoC", "{F177663F-106D-4DA1-AFCA-D52A176995C6}"
EndProject
Project("{2150E333-8FDC-42A3-9474-1A3956D46DE8}") = "Infrastructure.Data", "Infrastructure.Data", "{7FD85662-DBEA-44E8-8F05-2C8C46EB95A9}"
EndProject
Project("{2150E333-8FDC-42A3-9474-1A3956D46DE8}") = "Presentation", "Presentation", "{F652A5D0-B250-4640-BCA7-7CCE2994E457}"
EndProject
Project("{9A19103F-16F7-4668-BE54-9A1E7A4F7556}") = "CleanArch.MVC", "CleanArch.MVC\CleanArch.MVC.csproj", "{CE078A4A-9081-466B-A803-701C1D1F2417}"
EndProject
Project("{9A19103F-16F7-4668-BE54-9A1E7A4F7556}") = "CleanArch.Domain", "CleanArch.Domain\CleanArch.Domain.csproj", "{A390FC8C-B990-4CE8-9B48-A3C92FD9CEBB}"
EndProject
Project("{9A19103F-16F7-4668-BE54-9A1E7A4F7556}") = "CleanArch.Infra.Data", "CleanArch.Infra.Data\CleanArch.Infra.Data.csproj", "{1AA6E2BB-9346-49BC-B4EC-A73DA6F8ED17}"
EndProject
Project("{9A19103F-16F7-4668-BE54-9A1E7A4F7556}") = "CleanArch.Application", "CleanArch.Application\CleanArch.Application.csproj", "{B31F84D0-6B53-4EA8-8D93-AA09080FDC58}"
EndProject
Project("{FAE04EC0-301F-11D3-BF4B-00C04F79EFBC}") = "CleanArch.Infra.IoC", "CleanArch.Infra.IoC\CleanArch.Infra.IoC.csproj", "{26F5601A-EF41-40EA-959B-9A18E4B13A57}"
EndProject
Global
	GlobalSection(SolutionConfigurationPlatforms) = preSolution
		Debug|Any CPU = Debug|Any CPU
		Release|Any CPU = Release|Any CPU
	EndGlobalSection
	GlobalSection(ProjectConfigurationPlatforms) = postSolution
		{CE078A4A-9081-466B-A803-701C1D1F2417}.Debug|Any CPU.ActiveCfg = Debug|Any CPU
		{CE078A4A-9081-466B-A803-701C1D1F2417}.Debug|Any CPU.Build.0 = Debug|Any CPU
		{CE078A4A-9081-466B-A803-701C1D1F2417}.Release|Any CPU.ActiveCfg = Release|Any CPU
		{CE078A4A-9081-466B-A803-701C1D1F2417}.Release|Any CPU.Build.0 = Release|Any CPU
		{A390FC8C-B990-4CE8-9B48-A3C92FD9CEBB}.Debug|Any CPU.ActiveCfg = Debug|Any CPU
		{A390FC8C-B990-4CE8-9B48-A3C92FD9CEBB}.Debug|Any CPU.Build.0 = Debug|Any CPU
		{A390FC8C-B990-4CE8-9B48-A3C92FD9CEBB}.Release|Any CPU.ActiveCfg = Release|Any CPU
		{A390FC8C-B990-4CE8-9B48-A3C92FD9CEBB}.Release|Any CPU.Build.0 = Release|Any CPU
		{1AA6E2BB-9346-49BC-B4EC-A73DA6F8ED17}.Debug|Any CPU.ActiveCfg = Debug|Any CPU
		{1AA6E2BB-9346-49BC-B4EC-A73DA6F8ED17}.Debug|Any CPU.Build.0 = Debug|Any CPU
		{1AA6E2BB-9346-49BC-B4EC-A73DA6F8ED17}.Release|Any CPU.ActiveCfg = Release|Any CPU
		{1AA6E2BB-9346-49BC-B4EC-A73DA6F8ED17}.Release|Any CPU.Build.0 = Release|Any CPU
		{B31F84D0-6B53-4EA8-8D93-AA09080FDC58}.Debug|Any CPU.ActiveCfg = Debug|Any CPU
		{B31F84D0-6B53-4EA8-8D93-AA09080FDC58}.Debug|Any CPU.Build.0 = Debug|Any CPU
		{B31F84D0-6B53-4EA8-8D93-AA09080FDC58}.Release|Any CPU.ActiveCfg = Release|Any CPU
		{B31F84D0-6B53-4EA8-8D93-AA09080FDC58}.Release|Any CPU.Build.0 = Release|Any CPU
		{26F5601A-EF41-40EA-959B-9A18E4B13A57}.Debug|Any CPU.ActiveCfg = Debug|Any CPU
		{26F5601A-EF41-40EA-959B-9A18E4B13A57}.Debug|Any CPU.Build.0 = Debug|Any CPU
		{26F5601A-EF41-40EA-959B-9A18E4B13A57}.Release|Any CPU.ActiveCfg = Release|Any CPU
		{26F5601A-EF41-40EA-959B-9A18E4B13A57}.Release|Any CPU.Build.0 = Release|Any CPU
	EndGlobalSection
	GlobalSection(SolutionProperties) = preSolution
		HideSolutionNode = FALSE
	EndGlobalSection
	GlobalSection(NestedProjects) = preSolution
		{CE078A4A-9081-466B-A803-701C1D1F2417} = {F652A5D0-B250-4640-BCA7-7CCE2994E457}
		{A390FC8C-B990-4CE8-9B48-A3C92FD9CEBB} = {A8BA22F3-9C28-47B5-95DE-CE311F6CEDDF}
		{1AA6E2BB-9346-49BC-B4EC-A73DA6F8ED17} = {7FD85662-DBEA-44E8-8F05-2C8C46EB95A9}
		{B31F84D0-6B53-4EA8-8D93-AA09080FDC58} = {F7A3FAD6-3C46-49FD-8A0B-D65ADDC5E505}
		{26F5601A-EF41-40EA-959B-9A18E4B13A57} = {F177663F-106D-4DA1-AFCA-D52A176995C6}
	EndGlobalSection
	GlobalSection(ExtensibilityGlobals) = postSolution
		SolutionGuid = {6622AD06-885A-42E3-B856-B56FEC47B359}
	EndGlobalSection
EndGlobal
